
Microsoft Visual Studio Solution File, Format Version 12.00
# Visual Studio Version 16
VisualStudioVersion = 16.0.30503.244
MinimumVisualStudioVersion = 10.0.40219.1
Project("{FAE04EC0-301F-11D3-BF4B-00C04F79EFBC}") = "MoodAnalyserExceptionDeck", "MoodAnalyserExceptionDeck\MoodAnalyserExceptionDeck.csproj", "{0844337F-8C04-434F-AB9B-75B3872FD351}"
EndProject
Project("{FAE04EC0-301F-11D3-BF4B-00C04F79EFBC}") = "MoodAnalyserMSTest", "MoodAnalyserMSTest\MoodAnalyserMSTest.csproj", "{3D716AC1-5173-4E42-8388-D95C1FF214D8}"
EndProject
Global
	GlobalSection(SolutionConfigurationPlatforms) = preSolution
		Debug|Any CPU = Debug|Any CPU
		Release|Any CPU = Release|Any CPU
	EndGlobalSection
	GlobalSection(ProjectConfigurationPlatforms) = postSolution
		{0844337F-8C04-434F-AB9B-75B3872FD351}.Debug|Any CPU.ActiveCfg = Debug|Any CPU
		{0844337F-8C04-434F-AB9B-75B3872FD351}.Debug|Any CPU.Build.0 = Debug|Any CPU
		{0844337F-8C04-434F-AB9B-75B3872FD351}.Release|Any CPU.ActiveCfg = Release|Any CPU
		{0844337F-8C04-434F-AB9B-75B3872FD351}.Release|Any CPU.Build.0 = Release|Any CPU
		{3D716AC1-5173-4E42-8388-D95C1FF214D8}.Debug|Any CPU.ActiveCfg = Debug|Any CPU
		{3D716AC1-5173-4E42-8388-D95C1FF214D8}.Debug|Any CPU.Build.0 = Debug|Any CPU
		{3D716AC1-5173-4E42-8388-D95C1FF214D8}.Release|Any CPU.ActiveCfg = Release|Any CPU
		{3D716AC1-5173-4E42-8388-D95C1FF214D8}.Release|Any CPU.Build.0 = Release|Any CPU
	EndGlobalSection
	GlobalSection(SolutionProperties) = preSolution
		HideSolutionNode = FALSE
	EndGlobalSection
	GlobalSection(ExtensibilityGlobals) = postSolution
		SolutionGuid = {B1A1A19E-80D6-483C-A1EB-9C0DE844C989}
	EndGlobalSection
EndGlobal
